
Microsoft Visual Studio Solution File, Format Version 12.00
# Visual Studio Version 17
VisualStudioVersion = 17.1.32210.238
MinimumVisualStudioVersion = 10.0.40219.1
Project("{FAE04EC0-301F-11D3-BF4B-00C04F79EFBC}") = "Observer", "Observer.csproj", "{64617612-BD51-44A7-8B39-88BE7CCA7543}"
EndProject
Global
	GlobalSection(SolutionConfigurationPlatforms) = preSolution
		Debug|Any CPU = Debug|Any CPU
		Release|Any CPU = Release|Any CPU
	EndGlobalSection
	GlobalSection(ProjectConfigurationPlatforms) = postSolution
		{64617612-BD51-44A7-8B39-88BE7CCA7543}.Debug|Any CPU.ActiveCfg = Debug|Any CPU
		{64617612-BD51-44A7-8B39-88BE7CCA7543}.Debug|Any CPU.Build.0 = Debug|Any CPU
		{64617612-BD51-44A7-8B39-88BE7CCA7543}.Release|Any CPU.ActiveCfg = Release|Any CPU
		{64617612-BD51-44A7-8B39-88BE7CCA7543}.Release|Any CPU.Build.0 = Release|Any CPU
	EndGlobalSection
	GlobalSection(SolutionProperties) = preSolution
		HideSolutionNode = FALSE
	EndGlobalSection
	GlobalSection(ExtensibilityGlobals) = postSolution
		SolutionGuid = {BC49A8FB-E3DD-4F4D-85AD-969DA35235CE}
	EndGlobalSection
EndGlobal
