
Microsoft Visual Studio Solution File, Format Version 12.00
# Visual Studio Version 17
VisualStudioVersion = 17.1.32210.238
MinimumVisualStudioVersion = 10.0.40219.1
Project("{FAE04EC0-301F-11D3-BF4B-00C04F79EFBC}") = "NotificationDecorator", "NotificationDecorator.csproj", "{865D22A4-DF80-45B6-909A-B2D17310FE09}"
EndProject
Global
	GlobalSection(SolutionConfigurationPlatforms) = preSolution
		Debug|Any CPU = Debug|Any CPU
		Release|Any CPU = Release|Any CPU
	EndGlobalSection
	GlobalSection(ProjectConfigurationPlatforms) = postSolution
		{865D22A4-DF80-45B6-909A-B2D17310FE09}.Debug|Any CPU.ActiveCfg = Debug|Any CPU
		{865D22A4-DF80-45B6-909A-B2D17310FE09}.Debug|Any CPU.Build.0 = Debug|Any CPU
		{865D22A4-DF80-45B6-909A-B2D17310FE09}.Release|Any CPU.ActiveCfg = Release|Any CPU
		{865D22A4-DF80-45B6-909A-B2D17310FE09}.Release|Any CPU.Build.0 = Release|Any CPU
	EndGlobalSection
	GlobalSection(SolutionProperties) = preSolution
		HideSolutionNode = FALSE
	EndGlobalSection
	GlobalSection(ExtensibilityGlobals) = postSolution
		SolutionGuid = {E221FFE9-D827-498B-A7AC-ABD4B902B512}
	EndGlobalSection
EndGlobal
